
Microsoft Visual Studio Solution File, Format Version 12.00
Project("{FAE04EC0-301F-11D3-BF4B-00C04F79EFBC}") = "SimpleApi", "SimpleApi\SimpleApi.csproj", "{30750AC2-8C3F-471B-80EE-B11C3F33ACF6}"
EndProject
Project("{FAE04EC0-301F-11D3-BF4B-00C04F79EFBC}") = "CustomerRepo", "CustomerRepo\CustomerRepo.csproj", "{1BCB3DFA-3481-4296-98C3-8826BA4E37BD}"
EndProject
Project("{FAE04EC0-301F-11D3-BF4B-00C04F79EFBC}") = "ConsoleApp1", "ConsoleApp1\ConsoleApp1.csproj", "{34DBC8F9-BF00-434D-8EF5-F0C8FED944D6}"
EndProject
Global
	GlobalSection(SolutionConfigurationPlatforms) = preSolution
		Debug|Any CPU = Debug|Any CPU
		Release|Any CPU = Release|Any CPU
	EndGlobalSection
	GlobalSection(ProjectConfigurationPlatforms) = postSolution
		{30750AC2-8C3F-471B-80EE-B11C3F33ACF6}.Debug|Any CPU.ActiveCfg = Debug|Any CPU
		{30750AC2-8C3F-471B-80EE-B11C3F33ACF6}.Debug|Any CPU.Build.0 = Debug|Any CPU
		{30750AC2-8C3F-471B-80EE-B11C3F33ACF6}.Release|Any CPU.ActiveCfg = Release|Any CPU
		{30750AC2-8C3F-471B-80EE-B11C3F33ACF6}.Release|Any CPU.Build.0 = Release|Any CPU
		{1BCB3DFA-3481-4296-98C3-8826BA4E37BD}.Debug|Any CPU.ActiveCfg = Debug|Any CPU
		{1BCB3DFA-3481-4296-98C3-8826BA4E37BD}.Debug|Any CPU.Build.0 = Debug|Any CPU
		{1BCB3DFA-3481-4296-98C3-8826BA4E37BD}.Release|Any CPU.ActiveCfg = Release|Any CPU
		{1BCB3DFA-3481-4296-98C3-8826BA4E37BD}.Release|Any CPU.Build.0 = Release|Any CPU
		{34DBC8F9-BF00-434D-8EF5-F0C8FED944D6}.Debug|Any CPU.ActiveCfg = Debug|Any CPU
		{34DBC8F9-BF00-434D-8EF5-F0C8FED944D6}.Debug|Any CPU.Build.0 = Debug|Any CPU
		{34DBC8F9-BF00-434D-8EF5-F0C8FED944D6}.Release|Any CPU.ActiveCfg = Release|Any CPU
		{34DBC8F9-BF00-434D-8EF5-F0C8FED944D6}.Release|Any CPU.Build.0 = Release|Any CPU
	EndGlobalSection
EndGlobal
